// !$*UTF8*$!
{
	archiveVersion = 1;
	classes = {
	};
	objectVersion = 56;
	objects = {

/* Begin PBXBuildFile section */
		7EBCACA32A1689A300FA1699 /* AppDelegate.swift in Sources */ = {isa = PBXBuildFile; fileRef = 7EBCACA22A1689A300FA1699 /* AppDelegate.swift */; };
		7EBCACA52A1689A300FA1699 /* SceneDelegate.swift in Sources */ = {isa = PBXBuildFile; fileRef = 7EBCACA42A1689A300FA1699 /* SceneDelegate.swift */; };
		7EBCACA72A1689A300FA1699 /* ViewController.swift in Sources */ = {isa = PBXBuildFile; fileRef = 7EBCACA62A1689A300FA1699 /* ViewController.swift */; };
		7EBCACAA2A1689A300FA1699 /* Main.storyboard in Resources */ = {isa = PBXBuildFile; fileRef = 7EBCACA82A1689A300FA1699 /* Main.storyboard */; };
		7EBCACAC2A1689A400FA1699 /* Assets.xcassets in Resources */ = {isa = PBXBuildFile; fileRef = 7EBCACAB2A1689A400FA1699 /* Assets.xcassets */; };
		7EBCACAF2A1689A400FA1699 /* LaunchScreen.storyboard in Resources */ = {isa = PBXBuildFile; fileRef = 7EBCACAD2A1689A400FA1699 /* LaunchScreen.storyboard */; };
		7EBCACB72A1690FE00FA1699 /* CategoryTableViewController.swift in Sources */ = {isa = PBXBuildFile; fileRef = 7EBCACB62A1690FE00FA1699 /* CategoryTableViewController.swift */; };
		7EBCACB92A16917A00FA1699 /* MenuTableViewController.swift in Sources */ = {isa = PBXBuildFile; fileRef = 7EBCACB82A16917A00FA1699 /* MenuTableViewController.swift */; };
		7EBCACBB2A16918D00FA1699 /* OrderTableViewController.swift in Sources */ = {isa = PBXBuildFile; fileRef = 7EBCACBA2A16918D00FA1699 /* OrderTableViewController.swift */; };
		7EBCACBD2A16948B00FA1699 /* MenuItemDetailViewController.swift in Sources */ = {isa = PBXBuildFile; fileRef = 7EBCACBC2A16948B00FA1699 /* MenuItemDetailViewController.swift */; };
		7EBCACBF2A16953500FA1699 /* MenuItem.swift in Sources */ = {isa = PBXBuildFile; fileRef = 7EBCACBE2A16953500FA1699 /* MenuItem.swift */; };
		7EBCACC12A16958D00FA1699 /* ResponseModels.swift in Sources */ = {isa = PBXBuildFile; fileRef = 7EBCACC02A16958D00FA1699 /* ResponseModels.swift */; };
		7EBCACC52A16968500FA1699 /* Order.swift in Sources */ = {isa = PBXBuildFile; fileRef = 7EBCACC42A16968500FA1699 /* Order.swift */; };
		7EBCACC72A16B78700FA1699 /* MenuController.swift in Sources */ = {isa = PBXBuildFile; fileRef = 7EBCACC62A16B78700FA1699 /* MenuController.swift */; };
/* End PBXBuildFile section */

/* Begin PBXFileReference section */
		7EBCAC9F2A1689A300FA1699 /* Restaurant.app */ = {isa = PBXFileReference; explicitFileType = wrapper.application; includeInIndex = 0; path = Restaurant.app; sourceTree = BUILT_PRODUCTS_DIR; };
		7EBCACA22A1689A300FA1699 /* AppDelegate.swift */ = {isa = PBXFileReference; lastKnownFileType = sourcecode.swift; path = AppDelegate.swift; sourceTree = "<group>"; };
		7EBCACA42A1689A300FA1699 /* SceneDelegate.swift */ = {isa = PBXFileReference; lastKnownFileType = sourcecode.swift; path = SceneDelegate.swift; sourceTree = "<group>"; };
		7EBCACA62A1689A300FA1699 /* ViewController.swift */ = {isa = PBXFileReference; lastKnownFileType = sourcecode.swift; path = ViewController.swift; sourceTree = "<group>"; };
		7EBCACA92A1689A300FA1699 /* Base */ = {isa = PBXFileReference; lastKnownFileType = file.storyboard; name = Base; path = Base.lproj/Main.storyboard; sourceTree = "<group>"; };
		7EBCACAB2A1689A400FA1699 /* Assets.xcassets */ = {isa = PBXFileReference; lastKnownFileType = folder.assetcatalog; path = Assets.xcassets; sourceTree = "<group>"; };
		7EBCACAE2A1689A400FA1699 /* Base */ = {isa = PBXFileReference; lastKnownFileType = file.storyboard; name = Base; path = Base.lproj/LaunchScreen.storyboard; sourceTree = "<group>"; };
		7EBCACB02A1689A400FA1699 /* Info.plist */ = {isa = PBXFileReference; lastKnownFileType = text.plist.xml; path = Info.plist; sourceTree = "<group>"; };
		7EBCACB62A1690FE00FA1699 /* CategoryTableViewController.swift */ = {isa = PBXFileReference; lastKnownFileType = sourcecode.swift; path = CategoryTableViewController.swift; sourceTree = "<group>"; };
		7EBCACB82A16917A00FA1699 /* MenuTableViewController.swift */ = {isa = PBXFileReference; lastKnownFileType = sourcecode.swift; path = MenuTableViewController.swift; sourceTree = "<group>"; };
		7EBCACBA2A16918D00FA1699 /* OrderTableViewController.swift */ = {isa = PBXFileReference; lastKnownFileType = sourcecode.swift; path = OrderTableViewController.swift; sourceTree = "<group>"; };
		7EBCACBC2A16948B00FA1699 /* MenuItemDetailViewController.swift */ = {isa = PBXFileReference; lastKnownFileType = sourcecode.swift; path = MenuItemDetailViewController.swift; sourceTree = "<group>"; };
		7EBCACBE2A16953500FA1699 /* MenuItem.swift */ = {isa = PBXFileReference; lastKnownFileType = sourcecode.swift; path = MenuItem.swift; sourceTree = "<group>"; };
		7EBCACC02A16958D00FA1699 /* ResponseModels.swift */ = {isa = PBXFileReference; lastKnownFileType = sourcecode.swift; path = ResponseModels.swift; sourceTree = "<group>"; };
		7EBCACC42A16968500FA1699 /* Order.swift */ = {isa = PBXFileReference; lastKnownFileType = sourcecode.swift; path = Order.swift; sourceTree = "<group>"; };
		7EBCACC62A16B78700FA1699 /* MenuController.swift */ = {isa = PBXFileReference; lastKnownFileType = sourcecode.swift; path = MenuController.swift; sourceTree = "<group>"; };
/* End PBXFileReference section */

/* Begin PBXFrameworksBuildPhase section */
		7EBCAC9C2A1689A300FA1699 /* Frameworks */ = {
			isa = PBXFrameworksBuildPhase;
			buildActionMask = 2147483647;
			files = (
			);
			runOnlyForDeploymentPostprocessing = 0;
		};
/* End PBXFrameworksBuildPhase section */

/* Begin PBXGroup section */
		7EBCAC962A1689A300FA1699 = {
			isa = PBXGroup;
			children = (
				7EBCACA12A1689A300FA1699 /* Restaurant */,
				7EBCACA02A1689A300FA1699 /* Products */,
			);
			sourceTree = "<group>";
		};
		7EBCACA02A1689A300FA1699 /* Products */ = {
			isa = PBXGroup;
			children = (
				7EBCAC9F2A1689A300FA1699 /* Restaurant.app */,
			);
			name = Products;
			sourceTree = "<group>";
		};
		7EBCACA12A1689A300FA1699 /* Restaurant */ = {
			isa = PBXGroup;
			children = (
				7EBCACA22A1689A300FA1699 /* AppDelegate.swift */,
				7EBCACA42A1689A300FA1699 /* SceneDelegate.swift */,
				7EBCACC02A16958D00FA1699 /* ResponseModels.swift */,
				7EBCACC42A16968500FA1699 /* Order.swift */,
				7EBCACC62A16B78700FA1699 /* MenuController.swift */,
				7EBCACB62A1690FE00FA1699 /* CategoryTableViewController.swift */,
				7EBCACBA2A16918D00FA1699 /* OrderTableViewController.swift */,
				7EBCACB82A16917A00FA1699 /* MenuTableViewController.swift */,
				7EBCACBE2A16953500FA1699 /* MenuItem.swift */,
				7EBCACA62A1689A300FA1699 /* ViewController.swift */,
				7EBCACA82A1689A300FA1699 /* Main.storyboard */,
				7EBCACBC2A16948B00FA1699 /* MenuItemDetailViewController.swift */,
				7EBCACAB2A1689A400FA1699 /* Assets.xcassets */,
				7EBCACAD2A1689A400FA1699 /* LaunchScreen.storyboard */,
				7EBCACB02A1689A400FA1699 /* Info.plist */,
			);
			path = Restaurant;
			sourceTree = "<group>";
		};
/* End PBXGroup section */

/* Begin PBXNativeTarget section */
		7EBCAC9E2A1689A300FA1699 /* Restaurant */ = {
			isa = PBXNativeTarget;
			buildConfigurationList = 7EBCACB32A1689A400FA1699 /* Build configuration list for PBXNativeTarget "Restaurant" */;
			buildPhases = (
				7EBCAC9B2A1689A300FA1699 /* Sources */,
				7EBCAC9C2A1689A300FA1699 /* Frameworks */,
				7EBCAC9D2A1689A300FA1699 /* Resources */,
			);
			buildRules = (
			);
			dependencies = (
			);
			name = Restaurant;
			productName = Restaurant;
			productReference = 7EBCAC9F2A1689A300FA1699 /* Restaurant.app */;
			productType = "com.apple.product-type.application";
		};
/* End PBXNativeTarget section */

/* Begin PBXProject section */
		7EBCAC972A1689A300FA1699 /* Project object */ = {
			isa = PBXProject;
			attributes = {
				BuildIndependentTargetsInParallel = 1;
				LastSwiftUpdateCheck = 1430;
				LastUpgradeCheck = 1430;
				TargetAttributes = {
					7EBCAC9E2A1689A300FA1699 = {
						CreatedOnToolsVersion = 14.3;
					};
				};
			};
			buildConfigurationList = 7EBCAC9A2A1689A300FA1699 /* Build configuration list for PBXProject "Restaurant" */;
			compatibilityVersion = "Xcode 14.0";
			developmentRegion = en;
			hasScannedForEncodings = 0;
			knownRegions = (
				en,
				Base,
			);
			mainGroup = 7EBCAC962A1689A300FA1699;
			productRefGroup = 7EBCACA02A1689A300FA1699 /* Products */;
			projectDirPath = "";
			projectRoot = "";
			targets = (
				7EBCAC9E2A1689A300FA1699 /* Restaurant */,
			);
		};
/* End PBXProject section */

/* Begin PBXResourcesBuildPhase section */
		7EBCAC9D2A1689A300FA1699 /* Resources */ = {
			isa = PBXResourcesBuildPhase;
			buildActionMask = 2147483647;
			files = (
				7EBCACAF2A1689A400FA1699 /* LaunchScreen.storyboard in Resources */,
				7EBCACAC2A1689A400FA1699 /* Assets.xcassets in Resources */,
				7EBCACAA2A1689A300FA1699 /* Main.storyboard in Resources */,
			);
			runOnlyForDeploymentPostprocessing = 0;
		};
/* End PBXResourcesBuildPhase section */

/* Begin PBXSourcesBuildPhase section */
		7EBCAC9B2A1689A300FA1699 /* Sources */ = {
			isa = PBXSourcesBuildPhase;
			buildActionMask = 2147483647;
			files = (
				7EBCACA72A1689A300FA1699 /* ViewController.swift in Sources */,
				7EBCACA32A1689A300FA1699 /* AppDelegate.swift in Sources */,
				7EBCACC52A16968500FA1699 /* Order.swift in Sources */,
				7EBCACB92A16917A00FA1699 /* MenuTableViewController.swift in Sources */,
				7EBCACBD2A16948B00FA1699 /* MenuItemDetailViewController.swift in Sources */,
				7EBCACC72A16B78700FA1699 /* MenuController.swift in Sources */,
				7EBCACA52A1689A300FA1699 /* SceneDelegate.swift in Sources */,
				7EBCACC12A16958D00FA1699 /* ResponseModels.swift in Sources */,
				7EBCACBF2A16953500FA1699 /* MenuItem.swift in Sources */,
				7EBCACBB2A16918D00FA1699 /* OrderTableViewController.swift in Sources */,
				7EBCACB72A1690FE00FA1699 /* CategoryTableViewController.swift in Sources */,
			);
			runOnlyForDeploymentPostprocessing = 0;
		};
/* End PBXSourcesBuildPhase section */

/* Begin PBXVariantGroup section */
		7EBCACA82A1689A300FA1699 /* Main.storyboard */ = {
			isa = PBXVariantGroup;
			children = (
				7EBCACA92A1689A300FA1699 /* Base */,
			);
			name = Main.storyboard;
			sourceTree = "<group>";
		};
		7EBCACAD2A1689A400FA1699 /* LaunchScreen.storyboard */ = {
			isa = PBXVariantGroup;
			children = (
				7EBCACAE2A1689A400FA1699 /* Base */,
			);
			name = LaunchScreen.storyboard;
			sourceTree = "<group>";
		};
/* End PBXVariantGroup section */

/* Begin XCBuildConfiguration section */
		7EBCACB12A1689A400FA1699 /* Debug */ = {
			isa = XCBuildConfiguration;
			buildSettings = {
				ALWAYS_SEARCH_USER_PATHS = NO;
				CLANG_ANALYZER_NONNULL = YES;
				CLANG_ANALYZER_NUMBER_OBJECT_CONVERSION = YES_AGGRESSIVE;
				CLANG_CXX_LANGUAGE_STANDARD = "gnu++20";
				CLANG_ENABLE_MODULES = YES;
				CLANG_ENABLE_OBJC_ARC = YES;
				CLANG_ENABLE_OBJC_WEAK = YES;
				CLANG_WARN_BLOCK_CAPTURE_AUTORELEASING = YES;
				CLANG_WARN_BOOL_CONVERSION = YES;
				CLANG_WARN_COMMA = YES;
				CLANG_WARN_CONSTANT_CONVERSION = YES;
				CLANG_WARN_DEPRECATED_OBJC_IMPLEMENTATIONS = YES;
				CLANG_WARN_DIRECT_OBJC_ISA_USAGE = YES_ERROR;
				CLANG_WARN_DOCUMENTATION_COMMENTS = YES;
				CLANG_WARN_EMPTY_BODY = YES;
				CLANG_WARN_ENUM_CONVERSION = YES;
				CLANG_WARN_INFINITE_RECURSION = YES;
				CLANG_WARN_INT_CONVERSION = YES;
				CLANG_WARN_NON_LITERAL_NULL_CONVERSION = YES;
				CLANG_WARN_OBJC_IMPLICIT_RETAIN_SELF = YES;
				CLANG_WARN_OBJC_LITERAL_CONVERSION = YES;
				CLANG_WARN_OBJC_ROOT_CLASS = YES_ERROR;
				CLANG_WARN_QUOTED_INCLUDE_IN_FRAMEWORK_HEADER = YES;
				CLANG_WARN_RANGE_LOOP_ANALYSIS = YES;
				CLANG_WARN_STRICT_PROTOTYPES = YES;
				CLANG_WARN_SUSPICIOUS_MOVE = YES;
				CLANG_WARN_UNGUARDED_AVAILABILITY = YES_AGGRESSIVE;
				CLANG_WARN_UNREACHABLE_CODE = YES;
				CLANG_WARN__DUPLICATE_METHOD_MATCH = YES;
				COPY_PHASE_STRIP = NO;
				DEBUG_INFORMATION_FORMAT = dwarf;
				ENABLE_STRICT_OBJC_MSGSEND = YES;
				ENABLE_TESTABILITY = YES;
				GCC_C_LANGUAGE_STANDARD = gnu11;
				GCC_DYNAMIC_NO_PIC = NO;
				GCC_NO_COMMON_BLOCKS = YES;
				GCC_OPTIMIZATION_LEVEL = 0;
				GCC_PREPROCESSOR_DEFINITIONS = (
					"DEBUG=1",
					"$(inherited)",
				);
				GCC_WARN_64_TO_32_BIT_CONVERSION = YES;
				GCC_WARN_ABOUT_RETURN_TYPE = YES_ERROR;
				GCC_WARN_UNDECLARED_SELECTOR = YES;
				GCC_WARN_UNINITIALIZED_AUTOS = YES_AGGRESSIVE;
				GCC_WARN_UNUSED_FUNCTION = YES;
				GCC_WARN_UNUSED_VARIABLE = YES;
				IPHONEOS_DEPLOYMENT_TARGET = 16.4;
				MTL_ENABLE_DEBUG_INFO = INCLUDE_SOURCE;
				MTL_FAST_MATH = YES;
				ONLY_ACTIVE_ARCH = YES;
				SDKROOT = iphoneos;
				SWIFT_ACTIVE_COMPILATION_CONDITIONS = DEBUG;
				SWIFT_OPTIMIZATION_LEVEL = "-Onone";
			};
			name = Debug;
		};
		7EBCACB22A1689A400FA1699 /* Release */ = {
			isa = XCBuildConfiguration;
			buildSettings = {
				ALWAYS_SEARCH_USER_PATHS = NO;
				CLANG_ANALYZER_NONNULL = YES;
				CLANG_ANALYZER_NUMBER_OBJECT_CONVERSION = YES_AGGRESSIVE;
				CLANG_CXX_LANGUAGE_STANDARD = "gnu++20";
				CLANG_ENABLE_MODULES = YES;
				CLANG_ENABLE_OBJC_ARC = YES;
				CLANG_ENABLE_OBJC_WEAK = YES;
				CLANG_WARN_BLOCK_CAPTURE_AUTORELEASING = YES;
				CLANG_WARN_BOOL_CONVERSION = YES;
				CLANG_WARN_COMMA = YES;
				CLANG_WARN_CONSTANT_CONVERSION = YES;
				CLANG_WARN_DEPRECATED_OBJC_IMPLEMENTATIONS = YES;
				CLANG_WARN_DIRECT_OBJC_ISA_USAGE = YES_ERROR;
				CLANG_WARN_DOCUMENTATION_COMMENTS = YES;
				CLANG_WARN_EMPTY_BODY = YES;
				CLANG_WARN_ENUM_CONVERSION = YES;
				CLANG_WARN_INFINITE_RECURSION = YES;
				CLANG_WARN_INT_CONVERSION = YES;
				CLANG_WARN_NON_LITERAL_NULL_CONVERSION = YES;
				CLANG_WARN_OBJC_IMPLICIT_RETAIN_SELF = YES;
				CLANG_WARN_OBJC_LITERAL_CONVERSION = YES;
				CLANG_WARN_OBJC_ROOT_CLASS = YES_ERROR;
				CLANG_WARN_QUOTED_INCLUDE_IN_FRAMEWORK_HEADER = YES;
				CLANG_WARN_RANGE_LOOP_ANALYSIS = YES;
				CLANG_WARN_STRICT_PROTOTYPES = YES;
				CLANG_WARN_SUSPICIOUS_MOVE = YES;
				CLANG_WARN_UNGUARDED_AVAILABILITY = YES_AGGRESSIVE;
				CLANG_WARN_UNREACHABLE_CODE = YES;
				CLANG_WARN__DUPLICATE_METHOD_MATCH = YES;
				COPY_PHASE_STRIP = NO;
				DEBUG_INFORMATION_FORMAT = "dwarf-with-dsym";
				ENABLE_NS_ASSERTIONS = NO;
				ENABLE_STRICT_OBJC_MSGSEND = YES;
				GCC_C_LANGUAGE_STANDARD = gnu11;
				GCC_NO_COMMON_BLOCKS = YES;
				GCC_WARN_64_TO_32_BIT_CONVERSION = YES;
				GCC_WARN_ABOUT_RETURN_TYPE = YES_ERROR;
				GCC_WARN_UNDECLARED_SELECTOR = YES;
				GCC_WARN_UNINITIALIZED_AUTOS = YES_AGGRESSIVE;
				GCC_WARN_UNUSED_FUNCTION = YES;
				GCC_WARN_UNUSED_VARIABLE = YES;
				IPHONEOS_DEPLOYMENT_TARGET = 16.4;
				MTL_ENABLE_DEBUG_INFO = NO;
				MTL_FAST_MATH = YES;
				SDKROOT = iphoneos;
				SWIFT_COMPILATION_MODE = wholemodule;
				SWIFT_OPTIMIZATION_LEVEL = "-O";
				VALIDATE_PRODUCT = YES;
			};
			name = Release;
		};
		7EBCACB42A1689A400FA1699 /* Debug */ = {
			isa = XCBuildConfiguration;
			buildSettings = {
				ASSETCATALOG_COMPILER_APPICON_NAME = AppIcon;
				ASSETCATALOG_COMPILER_GLOBAL_ACCENT_COLOR_NAME = AccentColor;
				CODE_SIGN_STYLE = Automatic;
				CURRENT_PROJECT_VERSION = 1;
				DEVELOPMENT_TEAM = L9F26C48LT;
				GENERATE_INFOPLIST_FILE = YES;
				INFOPLIST_FILE = Restaurant/Info.plist;
				INFOPLIST_KEY_UIApplicationSupportsIndirectInputEvents = YES;
				INFOPLIST_KEY_UILaunchStoryboardName = LaunchScreen;
				INFOPLIST_KEY_UIMainStoryboardFile = Main;
				INFOPLIST_KEY_UISupportedInterfaceOrientations_iPad = "UIInterfaceOrientationPortrait UIInterfaceOrientationPortraitUpsideDown UIInterfaceOrientationLandscapeLeft UIInterfaceOrientationLandscapeRight";
				INFOPLIST_KEY_UISupportedInterfaceOrientations_iPhone = "UIInterfaceOrientationPortrait UIInterfaceOrientationLandscapeLeft UIInterfaceOrientationLandscapeRight";
				LD_RUNPATH_SEARCH_PATHS = (
					"$(inherited)",
					"@executable_path/Frameworks",
				);
				MARKETING_VERSION = 1.0;
				PRODUCT_BUNDLE_IDENTIFIER = "Natasha-Machado.Restaurant";
				PRODUCT_NAME = "$(TARGET_NAME)";
				SWIFT_EMIT_LOC_STRINGS = YES;
				SWIFT_VERSION = 5.0;
				TARGETED_DEVICE_FAMILY = "1,2";
			};
			name = Debug;
		};
		7EBCACB52A1689A400FA1699 /* Release */ = {
			isa = XCBuildConfiguration;
			buildSettings = {
				ASSETCATALOG_COMPILER_APPICON_NAME = AppIcon;
				ASSETCATALOG_COMPILER_GLOBAL_ACCENT_COLOR_NAME = AccentColor;
				CODE_SIGN_STYLE = Automatic;
				CURRENT_PROJECT_VERSION = 1;
				DEVELOPMENT_TEAM = L9F26C48LT;
				GENERATE_INFOPLIST_FILE = YES;
				INFOPLIST_FILE = Restaurant/Info.plist;
				INFOPLIST_KEY_UIApplicationSupportsIndirectInputEvents = YES;
				INFOPLIST_KEY_UILaunchStoryboardName = LaunchScreen;
				INFOPLIST_KEY_UIMainStoryboardFile = Main;
				INFOPLIST_KEY_UISupportedInterfaceOrientations_iPad = "UIInterfaceOrientationPortrait UIInterfaceOrientationPortraitUpsideDown UIInterfaceOrientationLandscapeLeft UIInterfaceOrientationLandscapeRight";
				INFOPLIST_KEY_UISupportedInterfaceOrientations_iPhone = "UIInterfaceOrientationPortrait UIInterfaceOrientationLandscapeLeft UIInterfaceOrientationLandscapeRight";
				LD_RUNPATH_SEARCH_PATHS = (
					"$(inherited)",
					"@executable_path/Frameworks",
				);
				MARKETING_VERSION = 1.0;
				PRODUCT_BUNDLE_IDENTIFIER = "Natasha-Machado.Restaurant";
				PRODUCT_NAME = "$(TARGET_NAME)";
				SWIFT_EMIT_LOC_STRINGS = YES;
				SWIFT_VERSION = 5.0;
				TARGETED_DEVICE_FAMILY = "1,2";
			};
			name = Release;
		};
/* End XCBuildConfiguration section */

/* Begin XCConfigurationList section */
		7EBCAC9A2A1689A300FA1699 /* Build configuration list for PBXProject "Restaurant" */ = {
			isa = XCConfigurationList;
			buildConfigurations = (
				7EBCACB12A1689A400FA1699 /* Debug */,
				7EBCACB22A1689A400FA1699 /* Release */,
			);
			defaultConfigurationIsVisible = 0;
			defaultConfigurationName = Release;
		};
		7EBCACB32A1689A400FA1699 /* Build configuration list for PBXNativeTarget "Restaurant" */ = {
			isa = XCConfigurationList;
			buildConfigurations = (
				7EBCACB42A1689A400FA1699 /* Debug */,
				7EBCACB52A1689A400FA1699 /* Release */,
			);
			defaultConfigurationIsVisible = 0;
			defaultConfigurationName = Release;
		};
/* End XCConfigurationList section */
	};
	rootObject = 7EBCAC972A1689A300FA1699 /* Project object */;
}
